
Microsoft Visual Studio Solution File, Format Version 12.00
# Visual Studio 15
VisualStudioVersion = 15.0.28307.168
MinimumVisualStudioVersion = 10.0.40219.1
Project("{FAE04EC0-301F-11D3-BF4B-00C04F79EFBC}") = "URLDataParser", "URLDataParser\URLDataParser.csproj", "{FA2EECD1-A0F5-4456-9A04-9F092FFEDD52}"
EndProject
Project("{FAE04EC0-301F-11D3-BF4B-00C04F79EFBC}") = "ConsoleApp", "ConsoleApp1\ConsoleApp.csproj", "{C1358D6F-D47A-4170-B698-9A14A65F88D3}"
EndProject
Global
	GlobalSection(SolutionConfigurationPlatforms) = preSolution
		Debug|Any CPU = Debug|Any CPU
		Release|Any CPU = Release|Any CPU
	EndGlobalSection
	GlobalSection(ProjectConfigurationPlatforms) = postSolution
		{FA2EECD1-A0F5-4456-9A04-9F092FFEDD52}.Debug|Any CPU.ActiveCfg = Debug|Any CPU
		{FA2EECD1-A0F5-4456-9A04-9F092FFEDD52}.Debug|Any CPU.Build.0 = Debug|Any CPU
		{FA2EECD1-A0F5-4456-9A04-9F092FFEDD52}.Release|Any CPU.ActiveCfg = Release|Any CPU
		{FA2EECD1-A0F5-4456-9A04-9F092FFEDD52}.Release|Any CPU.Build.0 = Release|Any CPU
		{C1358D6F-D47A-4170-B698-9A14A65F88D3}.Debug|Any CPU.ActiveCfg = Debug|Any CPU
		{C1358D6F-D47A-4170-B698-9A14A65F88D3}.Debug|Any CPU.Build.0 = Debug|Any CPU
		{C1358D6F-D47A-4170-B698-9A14A65F88D3}.Release|Any CPU.ActiveCfg = Release|Any CPU
		{C1358D6F-D47A-4170-B698-9A14A65F88D3}.Release|Any CPU.Build.0 = Release|Any CPU
	EndGlobalSection
	GlobalSection(SolutionProperties) = preSolution
		HideSolutionNode = FALSE
	EndGlobalSection
	GlobalSection(ExtensibilityGlobals) = postSolution
		SolutionGuid = {DCDA06E6-F924-4E15-B816-59EC4449620C}
	EndGlobalSection
EndGlobal
